
Microsoft Visual Studio Solution File, Format Version 12.00
# Visual Studio Version 17
VisualStudioVersion = 17.1.32210.238
MinimumVisualStudioVersion = 10.0.40219.1
Project("{FAE04EC0-301F-11D3-BF4B-00C04F79EFBC}") = "CalculatorConsoleApp", "CalculatorConsoleApp\CalculatorConsoleApp.csproj", "{C072BCDA-4AD1-46DA-8E9F-A29629D9007F}"
EndProject
Global
	GlobalSection(SolutionConfigurationPlatforms) = preSolution
		Debug|Any CPU = Debug|Any CPU
		Release|Any CPU = Release|Any CPU
	EndGlobalSection
	GlobalSection(ProjectConfigurationPlatforms) = postSolution
		{C072BCDA-4AD1-46DA-8E9F-A29629D9007F}.Debug|Any CPU.ActiveCfg = Debug|Any CPU
		{C072BCDA-4AD1-46DA-8E9F-A29629D9007F}.Debug|Any CPU.Build.0 = Debug|Any CPU
		{C072BCDA-4AD1-46DA-8E9F-A29629D9007F}.Release|Any CPU.ActiveCfg = Release|Any CPU
		{C072BCDA-4AD1-46DA-8E9F-A29629D9007F}.Release|Any CPU.Build.0 = Release|Any CPU
	EndGlobalSection
	GlobalSection(SolutionProperties) = preSolution
		HideSolutionNode = FALSE
	EndGlobalSection
	GlobalSection(ExtensibilityGlobals) = postSolution
		SolutionGuid = {6C755958-CD86-40B0-928E-718F514CA9D8}
	EndGlobalSection
EndGlobal
