
Microsoft Visual Studio Solution File, Format Version 12.00
# Visual Studio Version 17
VisualStudioVersion = 17.1.32328.378
MinimumVisualStudioVersion = 10.0.40219.1
Project("{FAE04EC0-301F-11D3-BF4B-00C04F79EFBC}") = "ComboBoxDemo", "ComboBoxDemo\ComboBoxDemo.csproj", "{9E154915-425F-41F6-A6BC-293E9C407BC0}"
EndProject
Global
	GlobalSection(SolutionConfigurationPlatforms) = preSolution
		Debug|Any CPU = Debug|Any CPU
		Release|Any CPU = Release|Any CPU
	EndGlobalSection
	GlobalSection(ProjectConfigurationPlatforms) = postSolution
		{9E154915-425F-41F6-A6BC-293E9C407BC0}.Debug|Any CPU.ActiveCfg = Debug|Any CPU
		{9E154915-425F-41F6-A6BC-293E9C407BC0}.Debug|Any CPU.Build.0 = Debug|Any CPU
		{9E154915-425F-41F6-A6BC-293E9C407BC0}.Release|Any CPU.ActiveCfg = Release|Any CPU
		{9E154915-425F-41F6-A6BC-293E9C407BC0}.Release|Any CPU.Build.0 = Release|Any CPU
	EndGlobalSection
	GlobalSection(SolutionProperties) = preSolution
		HideSolutionNode = FALSE
	EndGlobalSection
	GlobalSection(ExtensibilityGlobals) = postSolution
		SolutionGuid = {97ED6258-B9CA-417C-B21C-5C1C006080C2}
	EndGlobalSection
EndGlobal
