
Microsoft Visual Studio Solution File, Format Version 12.00
# Visual Studio Version 17
VisualStudioVersion = 17.1.32328.378
MinimumVisualStudioVersion = 10.0.40219.1
Project("{FAE04EC0-301F-11D3-BF4B-00C04F79EFBC}") = "aspDotNetDatabase", "aspDotNetDatabase\aspDotNetDatabase.csproj", "{0D79864E-8CFE-4AD2-86CC-8DBCFE38A390}"
EndProject
Global
	GlobalSection(SolutionConfigurationPlatforms) = preSolution
		Debug|Any CPU = Debug|Any CPU
		Release|Any CPU = Release|Any CPU
	EndGlobalSection
	GlobalSection(ProjectConfigurationPlatforms) = postSolution
		{0D79864E-8CFE-4AD2-86CC-8DBCFE38A390}.Debug|Any CPU.ActiveCfg = Debug|Any CPU
		{0D79864E-8CFE-4AD2-86CC-8DBCFE38A390}.Debug|Any CPU.Build.0 = Debug|Any CPU
		{0D79864E-8CFE-4AD2-86CC-8DBCFE38A390}.Release|Any CPU.ActiveCfg = Release|Any CPU
		{0D79864E-8CFE-4AD2-86CC-8DBCFE38A390}.Release|Any CPU.Build.0 = Release|Any CPU
	EndGlobalSection
	GlobalSection(SolutionProperties) = preSolution
		HideSolutionNode = FALSE
	EndGlobalSection
	GlobalSection(ExtensibilityGlobals) = postSolution
		SolutionGuid = {42436416-0838-4F98-997F-091B420E4961}
	EndGlobalSection
EndGlobal
