
Microsoft Visual Studio Solution File, Format Version 12.00
# Visual Studio Version 17
VisualStudioVersion = 17.1.32210.238
MinimumVisualStudioVersion = 10.0.40219.1
Project("{FAE04EC0-301F-11D3-BF4B-00C04F79EFBC}") = "ListView", "ListView\ListView.csproj", "{5BEE3E54-9987-4E95-880D-7645237D744E}"
EndProject
Global
	GlobalSection(SolutionConfigurationPlatforms) = preSolution
		Debug|Any CPU = Debug|Any CPU
		Release|Any CPU = Release|Any CPU
	EndGlobalSection
	GlobalSection(ProjectConfigurationPlatforms) = postSolution
		{5BEE3E54-9987-4E95-880D-7645237D744E}.Debug|Any CPU.ActiveCfg = Debug|Any CPU
		{5BEE3E54-9987-4E95-880D-7645237D744E}.Debug|Any CPU.Build.0 = Debug|Any CPU
		{5BEE3E54-9987-4E95-880D-7645237D744E}.Release|Any CPU.ActiveCfg = Release|Any CPU
		{5BEE3E54-9987-4E95-880D-7645237D744E}.Release|Any CPU.Build.0 = Release|Any CPU
	EndGlobalSection
	GlobalSection(SolutionProperties) = preSolution
		HideSolutionNode = FALSE
	EndGlobalSection
	GlobalSection(ExtensibilityGlobals) = postSolution
		SolutionGuid = {70EA7890-7CD2-42BA-80CD-AD3654BA8876}
	EndGlobalSection
EndGlobal
