
Microsoft Visual Studio Solution File, Format Version 12.00
# Visual Studio Version 17
VisualStudioVersion = 17.1.32210.238
MinimumVisualStudioVersion = 10.0.40219.1
Project("{FAE04EC0-301F-11D3-BF4B-00C04F79EFBC}") = "ColorDialogApp", "ColorDialogApp\ColorDialogApp.csproj", "{344F5820-5144-463E-87E0-CE54CDFC5511}"
EndProject
Global
	GlobalSection(SolutionConfigurationPlatforms) = preSolution
		Debug|Any CPU = Debug|Any CPU
		Release|Any CPU = Release|Any CPU
	EndGlobalSection
	GlobalSection(ProjectConfigurationPlatforms) = postSolution
		{344F5820-5144-463E-87E0-CE54CDFC5511}.Debug|Any CPU.ActiveCfg = Debug|Any CPU
		{344F5820-5144-463E-87E0-CE54CDFC5511}.Debug|Any CPU.Build.0 = Debug|Any CPU
		{344F5820-5144-463E-87E0-CE54CDFC5511}.Release|Any CPU.ActiveCfg = Release|Any CPU
		{344F5820-5144-463E-87E0-CE54CDFC5511}.Release|Any CPU.Build.0 = Release|Any CPU
	EndGlobalSection
	GlobalSection(SolutionProperties) = preSolution
		HideSolutionNode = FALSE
	EndGlobalSection
	GlobalSection(ExtensibilityGlobals) = postSolution
		SolutionGuid = {A4A4D173-0FAE-4C8D-9F45-29581B36D243}
	EndGlobalSection
EndGlobal
